Microsoft Visual Studio Solution File, Format Version 12.00
# Visual Studio 2012
Project("{FAE04EC0-301F-11D3-BF4B-00C04F79EFBC}") = "Mdfry1", "Mdfry1.csproj", "{58551B96-BD16-4EA9-AAA6-352D47223644}"
EndProject
Project("{F2A71F9B-5D33-465A-A702-920D77279786}") = "Core", "Common\Core.fsproj", "{06957177-FA40-4D94-8E39-DA81861335A4}"
EndProject
Project("{F2A71F9B-5D33-465A-A702-920D77279786}") = "Core2D", "..\..\Tooling\FSharpGodotUtil\Core2D\Core2D.fsproj", "{6CE4A1D2-8785-44FF-8358-F99D85B02E8F}"
EndProject
Project("{F2A71F9B-5D33-465A-A702-920D77279786}") = "CoreUI", "..\..\Tooling\FSharpGodotUtil\CoreUI\CoreUI.fsproj", "{EE3F0031-AD6E-441F-A140-23CB3CC44A99}"
EndProject
Project("{F2A71F9B-5D33-465A-A702-920D77279786}") = "Pattern", "..\..\Tooling\FSharpGodotUtil\Pattern\Pattern.fsproj", "{882FA78A-5B42-4AAF-B0A5-E2182BA8A8B6}"
EndProject
Project("{F2A71F9B-5D33-465A-A702-920D77279786}") = "Common", "..\..\Tooling\FSharpGodotUtil\Common\Common\Common.fsproj", "{C5297EE6-39F5-4F9C-8171-189BB63467E2}"
EndProject
Project("{2150E333-8FDC-42A3-9474-1A3956D46DE8}") = "Library", "Library", "{2674C94B-6C84-47FB-8DCA-EE05B5B7A6B4}"
EndProject
Global
	GlobalSection(SolutionConfigurationPlatforms) = preSolution
	Debug|Any CPU = Debug|Any CPU
	ExportDebug|Any CPU = ExportDebug|Any CPU
	ExportRelease|Any CPU = ExportRelease|Any CPU
	EndGlobalSection
	GlobalSection(ProjectConfigurationPlatforms) = postSolution
		{58551B96-BD16-4EA9-AAA6-352D47223644}.Debug|Any CPU.ActiveCfg = Debug|Any CPU
		{58551B96-BD16-4EA9-AAA6-352D47223644}.Debug|Any CPU.Build.0 = Debug|Any CPU
		{58551B96-BD16-4EA9-AAA6-352D47223644}.ExportDebug|Any CPU.ActiveCfg = ExportDebug|Any CPU
		{58551B96-BD16-4EA9-AAA6-352D47223644}.ExportDebug|Any CPU.Build.0 = ExportDebug|Any CPU
		{58551B96-BD16-4EA9-AAA6-352D47223644}.ExportRelease|Any CPU.ActiveCfg = ExportRelease|Any CPU
		{58551B96-BD16-4EA9-AAA6-352D47223644}.ExportRelease|Any CPU.Build.0 = ExportRelease|Any CPU
		{06957177-FA40-4D94-8E39-DA81861335A4}.Debug|Any CPU.ActiveCfg = Debug|Any CPU
		{06957177-FA40-4D94-8E39-DA81861335A4}.Debug|Any CPU.Build.0 = Debug|Any CPU
		{06957177-FA40-4D94-8E39-DA81861335A4}.ExportDebug|Any CPU.ActiveCfg = Debug|Any CPU
		{06957177-FA40-4D94-8E39-DA81861335A4}.ExportDebug|Any CPU.Build.0 = Debug|Any CPU
		{06957177-FA40-4D94-8E39-DA81861335A4}.ExportRelease|Any CPU.ActiveCfg = Debug|Any CPU
		{06957177-FA40-4D94-8E39-DA81861335A4}.ExportRelease|Any CPU.Build.0 = Debug|Any CPU
		{6CE4A1D2-8785-44FF-8358-F99D85B02E8F}.Debug|Any CPU.ActiveCfg = Debug|Any CPU
		{6CE4A1D2-8785-44FF-8358-F99D85B02E8F}.Debug|Any CPU.Build.0 = Debug|Any CPU
		{6CE4A1D2-8785-44FF-8358-F99D85B02E8F}.ExportDebug|Any CPU.ActiveCfg = Debug|Any CPU
		{6CE4A1D2-8785-44FF-8358-F99D85B02E8F}.ExportDebug|Any CPU.Build.0 = Debug|Any CPU
		{6CE4A1D2-8785-44FF-8358-F99D85B02E8F}.ExportRelease|Any CPU.ActiveCfg = Debug|Any CPU
		{6CE4A1D2-8785-44FF-8358-F99D85B02E8F}.ExportRelease|Any CPU.Build.0 = Debug|Any CPU
		{EE3F0031-AD6E-441F-A140-23CB3CC44A99}.Debug|Any CPU.ActiveCfg = Debug|Any CPU
		{EE3F0031-AD6E-441F-A140-23CB3CC44A99}.Debug|Any CPU.Build.0 = Debug|Any CPU
		{EE3F0031-AD6E-441F-A140-23CB3CC44A99}.ExportDebug|Any CPU.ActiveCfg = Debug|Any CPU
		{EE3F0031-AD6E-441F-A140-23CB3CC44A99}.ExportDebug|Any CPU.Build.0 = Debug|Any CPU
		{EE3F0031-AD6E-441F-A140-23CB3CC44A99}.ExportRelease|Any CPU.ActiveCfg = Debug|Any CPU
		{EE3F0031-AD6E-441F-A140-23CB3CC44A99}.ExportRelease|Any CPU.Build.0 = Debug|Any CPU
		{882FA78A-5B42-4AAF-B0A5-E2182BA8A8B6}.Debug|Any CPU.ActiveCfg = Debug|Any CPU
		{882FA78A-5B42-4AAF-B0A5-E2182BA8A8B6}.Debug|Any CPU.Build.0 = Debug|Any CPU
		{882FA78A-5B42-4AAF-B0A5-E2182BA8A8B6}.ExportDebug|Any CPU.ActiveCfg = Debug|Any CPU
		{882FA78A-5B42-4AAF-B0A5-E2182BA8A8B6}.ExportDebug|Any CPU.Build.0 = Debug|Any CPU
		{882FA78A-5B42-4AAF-B0A5-E2182BA8A8B6}.ExportRelease|Any CPU.ActiveCfg = Debug|Any CPU
		{882FA78A-5B42-4AAF-B0A5-E2182BA8A8B6}.ExportRelease|Any CPU.Build.0 = Debug|Any CPU
		{C5297EE6-39F5-4F9C-8171-189BB63467E2}.Debug|Any CPU.ActiveCfg = Debug|Any CPU
		{C5297EE6-39F5-4F9C-8171-189BB63467E2}.Debug|Any CPU.Build.0 = Debug|Any CPU
		{C5297EE6-39F5-4F9C-8171-189BB63467E2}.ExportDebug|Any CPU.ActiveCfg = Debug|Any CPU
		{C5297EE6-39F5-4F9C-8171-189BB63467E2}.ExportDebug|Any CPU.Build.0 = Debug|Any CPU
		{C5297EE6-39F5-4F9C-8171-189BB63467E2}.ExportRelease|Any CPU.ActiveCfg = Debug|Any CPU
		{C5297EE6-39F5-4F9C-8171-189BB63467E2}.ExportRelease|Any CPU.Build.0 = Debug|Any CPU
	EndGlobalSection
	GlobalSection(NestedProjects) = preSolution
		{C5297EE6-39F5-4F9C-8171-189BB63467E2} = {2674C94B-6C84-47FB-8DCA-EE05B5B7A6B4}
		{06957177-FA40-4D94-8E39-DA81861335A4} = {2674C94B-6C84-47FB-8DCA-EE05B5B7A6B4}
		{6CE4A1D2-8785-44FF-8358-F99D85B02E8F} = {2674C94B-6C84-47FB-8DCA-EE05B5B7A6B4}
		{EE3F0031-AD6E-441F-A140-23CB3CC44A99} = {2674C94B-6C84-47FB-8DCA-EE05B5B7A6B4}
		{882FA78A-5B42-4AAF-B0A5-E2182BA8A8B6} = {2674C94B-6C84-47FB-8DCA-EE05B5B7A6B4}
	EndGlobalSection
EndGlobal
