Microsoft Visual Studio Solution File, Format Version 12.00
# Visual Studio 2012
Project("{FAE04EC0-301F-11D3-BF4B-00C04F79EFBC}") = "Mdfry1", "Mdfry1.csproj", "{58551B96-BD16-4EA9-AAA6-352D47223644}"
EndProject
Project("{F2A71F9B-5D33-465A-A702-920D77279786}") = "Core", "Common\Core.fsproj", "{06957177-FA40-4D94-8E39-DA81861335A4}"
EndProject
Project("{2150E333-8FDC-42A3-9474-1A3956D46DE8}") = "Library", "Library", "{2674C94B-6C84-47FB-8DCA-EE05B5B7A6B4}"
EndProject
Project("{F2A71F9B-5D33-465A-A702-920D77279786}") = "Mdfry1.Logic", "Mdfry1.Logic\Mdfry1.Logic.fsproj", "{D1524857-162B-43EF-A486-62E18527BC01}"
EndProject
Project("{2150E333-8FDC-42A3-9474-1A3956D46DE8}") = "Logic", "Logic", "{68768FD8-64A4-4653-A7C5-31D6D761DDCA}"
EndProject
Project("{F2A71F9B-5D33-465A-A702-920D77279786}") = "Common", "..\Tooling\FSharpGodotUtil\Common\Common\Common.fsproj", "{259E2E2E-8D75-42DE-B59B-9688951F5DA0}"
EndProject
Project("{F2A71F9B-5D33-465A-A702-920D77279786}") = "Core2D", "..\Tooling\FSharpGodotUtil\Core2D\Core2D.fsproj", "{CB51BA60-BDBD-44D6-AAD1-07911C788F67}"
EndProject
Project("{F2A71F9B-5D33-465A-A702-920D77279786}") = "CoreFS", "..\Tooling\FSharpGodotUtil\CoreFS\CoreFS.fsproj", "{9DCFA80C-4E4A-409C-BBCC-143DB573EE3F}"
EndProject
Project("{F2A71F9B-5D33-465A-A702-920D77279786}") = "CoreUI", "..\Tooling\FSharpGodotUtil\CoreUI\CoreUI.fsproj", "{ADE61FA5-7E10-4B3F-9EAE-1E62C5A4FFC1}"
EndProject
Project("{F2A71F9B-5D33-465A-A702-920D77279786}") = "Pattern", "..\Tooling\FSharpGodotUtil\Pattern\Pattern.fsproj", "{6EA8B916-8E9F-44F9-B85C-EE0487C6110E}"
EndProject
Global
	GlobalSection(SolutionConfigurationPlatforms) = preSolution
	Debug|Any CPU = Debug|Any CPU
	ExportDebug|Any CPU = ExportDebug|Any CPU
	ExportRelease|Any CPU = ExportRelease|Any CPU
	EndGlobalSection
	GlobalSection(ProjectConfigurationPlatforms) = postSolution
		{58551B96-BD16-4EA9-AAA6-352D47223644}.Debug|Any CPU.ActiveCfg = Debug|Any CPU
		{58551B96-BD16-4EA9-AAA6-352D47223644}.Debug|Any CPU.Build.0 = Debug|Any CPU
		{58551B96-BD16-4EA9-AAA6-352D47223644}.ExportDebug|Any CPU.ActiveCfg = ExportDebug|Any CPU
		{58551B96-BD16-4EA9-AAA6-352D47223644}.ExportDebug|Any CPU.Build.0 = ExportDebug|Any CPU
		{58551B96-BD16-4EA9-AAA6-352D47223644}.ExportRelease|Any CPU.ActiveCfg = ExportRelease|Any CPU
		{58551B96-BD16-4EA9-AAA6-352D47223644}.ExportRelease|Any CPU.Build.0 = ExportRelease|Any CPU
		{06957177-FA40-4D94-8E39-DA81861335A4}.Debug|Any CPU.ActiveCfg = Debug|Any CPU
		{06957177-FA40-4D94-8E39-DA81861335A4}.Debug|Any CPU.Build.0 = Debug|Any CPU
		{06957177-FA40-4D94-8E39-DA81861335A4}.ExportDebug|Any CPU.ActiveCfg = Debug|Any CPU
		{06957177-FA40-4D94-8E39-DA81861335A4}.ExportDebug|Any CPU.Build.0 = Debug|Any CPU
		{06957177-FA40-4D94-8E39-DA81861335A4}.ExportRelease|Any CPU.ActiveCfg = Debug|Any CPU
		{06957177-FA40-4D94-8E39-DA81861335A4}.ExportRelease|Any CPU.Build.0 = Debug|Any CPU
		{D1524857-162B-43EF-A486-62E18527BC01}.Debug|Any CPU.ActiveCfg = Debug|Any CPU
		{D1524857-162B-43EF-A486-62E18527BC01}.Debug|Any CPU.Build.0 = Debug|Any CPU
		{D1524857-162B-43EF-A486-62E18527BC01}.ExportDebug|Any CPU.ActiveCfg = Debug|Any CPU
		{D1524857-162B-43EF-A486-62E18527BC01}.ExportDebug|Any CPU.Build.0 = Debug|Any CPU
		{D1524857-162B-43EF-A486-62E18527BC01}.ExportRelease|Any CPU.ActiveCfg = Debug|Any CPU
		{D1524857-162B-43EF-A486-62E18527BC01}.ExportRelease|Any CPU.Build.0 = Debug|Any CPU
		{259E2E2E-8D75-42DE-B59B-9688951F5DA0}.Debug|Any CPU.ActiveCfg = Debug|Any CPU
		{259E2E2E-8D75-42DE-B59B-9688951F5DA0}.Debug|Any CPU.Build.0 = Debug|Any CPU
		{259E2E2E-8D75-42DE-B59B-9688951F5DA0}.ExportDebug|Any CPU.ActiveCfg = Debug|Any CPU
		{259E2E2E-8D75-42DE-B59B-9688951F5DA0}.ExportDebug|Any CPU.Build.0 = Debug|Any CPU
		{259E2E2E-8D75-42DE-B59B-9688951F5DA0}.ExportRelease|Any CPU.ActiveCfg = Debug|Any CPU
		{259E2E2E-8D75-42DE-B59B-9688951F5DA0}.ExportRelease|Any CPU.Build.0 = Debug|Any CPU
		{CB51BA60-BDBD-44D6-AAD1-07911C788F67}.Debug|Any CPU.ActiveCfg = Debug|Any CPU
		{CB51BA60-BDBD-44D6-AAD1-07911C788F67}.Debug|Any CPU.Build.0 = Debug|Any CPU
		{CB51BA60-BDBD-44D6-AAD1-07911C788F67}.ExportDebug|Any CPU.ActiveCfg = Debug|Any CPU
		{CB51BA60-BDBD-44D6-AAD1-07911C788F67}.ExportDebug|Any CPU.Build.0 = Debug|Any CPU
		{CB51BA60-BDBD-44D6-AAD1-07911C788F67}.ExportRelease|Any CPU.ActiveCfg = Debug|Any CPU
		{CB51BA60-BDBD-44D6-AAD1-07911C788F67}.ExportRelease|Any CPU.Build.0 = Debug|Any CPU
		{9DCFA80C-4E4A-409C-BBCC-143DB573EE3F}.Debug|Any CPU.ActiveCfg = Debug|Any CPU
		{9DCFA80C-4E4A-409C-BBCC-143DB573EE3F}.Debug|Any CPU.Build.0 = Debug|Any CPU
		{9DCFA80C-4E4A-409C-BBCC-143DB573EE3F}.ExportDebug|Any CPU.ActiveCfg = Debug|Any CPU
		{9DCFA80C-4E4A-409C-BBCC-143DB573EE3F}.ExportDebug|Any CPU.Build.0 = Debug|Any CPU
		{9DCFA80C-4E4A-409C-BBCC-143DB573EE3F}.ExportRelease|Any CPU.ActiveCfg = Debug|Any CPU
		{9DCFA80C-4E4A-409C-BBCC-143DB573EE3F}.ExportRelease|Any CPU.Build.0 = Debug|Any CPU
		{ADE61FA5-7E10-4B3F-9EAE-1E62C5A4FFC1}.Debug|Any CPU.ActiveCfg = Debug|Any CPU
		{ADE61FA5-7E10-4B3F-9EAE-1E62C5A4FFC1}.Debug|Any CPU.Build.0 = Debug|Any CPU
		{ADE61FA5-7E10-4B3F-9EAE-1E62C5A4FFC1}.ExportDebug|Any CPU.ActiveCfg = Debug|Any CPU
		{ADE61FA5-7E10-4B3F-9EAE-1E62C5A4FFC1}.ExportDebug|Any CPU.Build.0 = Debug|Any CPU
		{ADE61FA5-7E10-4B3F-9EAE-1E62C5A4FFC1}.ExportRelease|Any CPU.ActiveCfg = Debug|Any CPU
		{ADE61FA5-7E10-4B3F-9EAE-1E62C5A4FFC1}.ExportRelease|Any CPU.Build.0 = Debug|Any CPU
		{6EA8B916-8E9F-44F9-B85C-EE0487C6110E}.Debug|Any CPU.ActiveCfg = Debug|Any CPU
		{6EA8B916-8E9F-44F9-B85C-EE0487C6110E}.Debug|Any CPU.Build.0 = Debug|Any CPU
		{6EA8B916-8E9F-44F9-B85C-EE0487C6110E}.ExportDebug|Any CPU.ActiveCfg = Debug|Any CPU
		{6EA8B916-8E9F-44F9-B85C-EE0487C6110E}.ExportDebug|Any CPU.Build.0 = Debug|Any CPU
		{6EA8B916-8E9F-44F9-B85C-EE0487C6110E}.ExportRelease|Any CPU.ActiveCfg = Debug|Any CPU
		{6EA8B916-8E9F-44F9-B85C-EE0487C6110E}.ExportRelease|Any CPU.Build.0 = Debug|Any CPU
	EndGlobalSection
	GlobalSection(NestedProjects) = preSolution
		{06957177-FA40-4D94-8E39-DA81861335A4} = {2674C94B-6C84-47FB-8DCA-EE05B5B7A6B4}
		{D1524857-162B-43EF-A486-62E18527BC01} = {68768FD8-64A4-4653-A7C5-31D6D761DDCA}
		{259E2E2E-8D75-42DE-B59B-9688951F5DA0} = {2674C94B-6C84-47FB-8DCA-EE05B5B7A6B4}
		{CB51BA60-BDBD-44D6-AAD1-07911C788F67} = {2674C94B-6C84-47FB-8DCA-EE05B5B7A6B4}
		{9DCFA80C-4E4A-409C-BBCC-143DB573EE3F} = {2674C94B-6C84-47FB-8DCA-EE05B5B7A6B4}
		{ADE61FA5-7E10-4B3F-9EAE-1E62C5A4FFC1} = {2674C94B-6C84-47FB-8DCA-EE05B5B7A6B4}
		{6EA8B916-8E9F-44F9-B85C-EE0487C6110E} = {2674C94B-6C84-47FB-8DCA-EE05B5B7A6B4}
	EndGlobalSection
EndGlobal
